
Microsoft Visual Studio Solution File, Format Version 12.00
# Visual Studio Version 17
VisualStudioVersion = 17.10.35013.160
MinimumVisualStudioVersion = 10.0.40219.1
Project("{FAE04EC0-301F-11D3-BF4B-00C04F79EFBC}") = "Puzzleskip", "Puzzleskip.csproj", "{3EC53305-2A9E-41FB-A124-0DBD2BDC7FCB}"
EndProject
Global
	GlobalSection(SolutionConfigurationPlatforms) = preSolution
		Debug|Any CPU = Debug|Any CPU
		Release|Any CPU = Release|Any CPU
	EndGlobalSection
	GlobalSection(ProjectConfigurationPlatforms) = postSolution
		{3EC53305-2A9E-41FB-A124-0DBD2BDC7FCB}.Debug|Any CPU.ActiveCfg = Debug|Any CPU
		{3EC53305-2A9E-41FB-A124-0DBD2BDC7FCB}.Debug|Any CPU.Build.0 = Debug|Any CPU
		{3EC53305-2A9E-41FB-A124-0DBD2BDC7FCB}.Release|Any CPU.ActiveCfg = Release|Any CPU
		{3EC53305-2A9E-41FB-A124-0DBD2BDC7FCB}.Release|Any CPU.Build.0 = Release|Any CPU
	EndGlobalSection
	GlobalSection(SolutionProperties) = preSolution
		HideSolutionNode = FALSE
	EndGlobalSection
	GlobalSection(ExtensibilityGlobals) = postSolution
		SolutionGuid = {287AA528-E116-497E-BE5D-2CA1094F224D}
	EndGlobalSection
EndGlobal
